
Microsoft Visual Studio Solution File, Format Version 12.00
# Visual Studio 15
VisualStudioVersion = 15.0.26730.12
MinimumVisualStudioVersion = 10.0.40219.1
Project("{FAE04EC0-301F-11D3-BF4B-00C04F79EFBC}") = "ADRCVisualization", "ADRCVisualization\ADRCVisualization.csproj", "{B11EB7B2-7563-4F8B-A81A-2FAE529A8C2C}"
EndProject
Global
	GlobalSection(SolutionConfigurationPlatforms) = preSolution
		Debug|Any CPU = Debug|Any CPU
		Release|Any CPU = Release|Any CPU
	EndGlobalSection
	GlobalSection(ProjectConfigurationPlatforms) = postSolution
		{B11EB7B2-7563-4F8B-A81A-2FAE529A8C2C}.Debug|Any CPU.ActiveCfg = Debug|Any CPU
		{B11EB7B2-7563-4F8B-A81A-2FAE529A8C2C}.Debug|Any CPU.Build.0 = Debug|Any CPU
		{B11EB7B2-7563-4F8B-A81A-2FAE529A8C2C}.Release|Any CPU.ActiveCfg = Release|Any CPU
		{B11EB7B2-7563-4F8B-A81A-2FAE529A8C2C}.Release|Any CPU.Build.0 = Release|Any CPU
	EndGlobalSection
	GlobalSection(SolutionProperties) = preSolution
		HideSolutionNode = FALSE
	EndGlobalSection
	GlobalSection(ExtensibilityGlobals) = postSolution
		SolutionGuid = {0E39F009-89E8-47BF-B08C-986B8EE95C64}
	EndGlobalSection
EndGlobal
