
Microsoft Visual Studio Solution File, Format Version 12.00
# Visual Studio Version 16
VisualStudioVersion = 16.0.30804.86
MinimumVisualStudioVersion = 10.0.40219.1
Project("{FAE04EC0-301F-11D3-BF4B-00C04F79EFBC}") = "ktvsystem", "ktvsystem\ktvsystem.csproj", "{CED50AEB-EA2A-4A52-B076-40857A5005A2}"
EndProject
Global
	GlobalSection(SolutionConfigurationPlatforms) = preSolution
		Debug|Any CPU = Debug|Any CPU
		Release|Any CPU = Release|Any CPU
	EndGlobalSection
	GlobalSection(ProjectConfigurationPlatforms) = postSolution
		{CED50AEB-EA2A-4A52-B076-40857A5005A2}.Debug|Any CPU.ActiveCfg = Debug|Any CPU
		{CED50AEB-EA2A-4A52-B076-40857A5005A2}.Debug|Any CPU.Build.0 = Debug|Any CPU
		{CED50AEB-EA2A-4A52-B076-40857A5005A2}.Release|Any CPU.ActiveCfg = Release|Any CPU
		{CED50AEB-EA2A-4A52-B076-40857A5005A2}.Release|Any CPU.Build.0 = Release|Any CPU
	EndGlobalSection
	GlobalSection(SolutionProperties) = preSolution
		HideSolutionNode = FALSE
	EndGlobalSection
	GlobalSection(ExtensibilityGlobals) = postSolution
		SolutionGuid = {F30909C2-87E2-430C-8B35-3D0F8C342CBB}
	EndGlobalSection
EndGlobal
